
Microsoft Visual Studio Solution File, Format Version 12.00
# Visual Studio 15
VisualStudioVersion = 15.0.28307.779
MinimumVisualStudioVersion = 10.0.40219.1
Project("{FAE04EC0-301F-11D3-BF4B-00C04F79EFBC}") = "ConsoleTest", "ConsoleTest\ConsoleTest.csproj", "{905D1FA8-64A5-4235-8922-B047C490BC50}"
EndProject
Global
	GlobalSection(SolutionConfigurationPlatforms) = preSolution
		Debug|Any CPU = Debug|Any CPU
		Release|Any CPU = Release|Any CPU
	EndGlobalSection
	GlobalSection(ProjectConfigurationPlatforms) = postSolution
		{905D1FA8-64A5-4235-8922-B047C490BC50}.Debug|Any CPU.ActiveCfg = Debug|Any CPU
		{905D1FA8-64A5-4235-8922-B047C490BC50}.Debug|Any CPU.Build.0 = Debug|Any CPU
		{905D1FA8-64A5-4235-8922-B047C490BC50}.Release|Any CPU.ActiveCfg = Release|Any CPU
		{905D1FA8-64A5-4235-8922-B047C490BC50}.Release|Any CPU.Build.0 = Release|Any CPU
	EndGlobalSection
	GlobalSection(SolutionProperties) = preSolution
		HideSolutionNode = FALSE
	EndGlobalSection
	GlobalSection(ExtensibilityGlobals) = postSolution
		SolutionGuid = {1FE3FF88-8CBA-4E80-9FCC-099522EE94F0}
	EndGlobalSection
EndGlobal
